
Microsoft Visual Studio Solution File, Format Version 12.00
# Visual Studio 15
VisualStudioVersion = 15.0.27428.2002
MinimumVisualStudioVersion = 10.0.40219.1
Project("{FAE04EC0-301F-11D3-BF4B-00C04F79EFBC}") = "SalasApp", "SalasApp\SalasApp.csproj", "{8B093C5A-D1AA-44AF-A520-60116F103642}"
EndProject
Global
	GlobalSection(SolutionConfigurationPlatforms) = preSolution
		Debug|Any CPU = Debug|Any CPU
		Release|Any CPU = Release|Any CPU
	EndGlobalSection
	GlobalSection(ProjectConfigurationPlatforms) = postSolution
		{8B093C5A-D1AA-44AF-A520-60116F103642}.Debug|Any CPU.ActiveCfg = Debug|Any CPU
		{8B093C5A-D1AA-44AF-A520-60116F103642}.Debug|Any CPU.Build.0 = Debug|Any CPU
		{8B093C5A-D1AA-44AF-A520-60116F103642}.Release|Any CPU.ActiveCfg = Release|Any CPU
		{8B093C5A-D1AA-44AF-A520-60116F103642}.Release|Any CPU.Build.0 = Release|Any CPU
	EndGlobalSection
	GlobalSection(SolutionProperties) = preSolution
		HideSolutionNode = FALSE
	EndGlobalSection
	GlobalSection(ExtensibilityGlobals) = postSolution
		SolutionGuid = {DB3B88A1-4021-4F34-AADE-25461C76D335}
	EndGlobalSection
EndGlobal
